<?xml version="1.0" encoding="utf-8"?>
<Project ToolsVersion="4.0" xmlns="http://schemas.microsoft.com/developer/msbuild/2003">
  <ItemGroup>
    <Filter Include="Form Files">
      <UniqueIdentifier>{99349809-55BA-4b9d-BF79-8FDBB0286EB3}</UniqueIdentifier>
      <Extensions>ui</Extensions>
      <ParseFiles>false</ParseFiles>
    </Filter>
    <Filter Include="Form Files">
      <UniqueIdentifier>{99349809-55BA-4b9d-BF79-8FDBB0286EB3}</UniqueIdentifier>
      <Extensions>ui</Extensions>
      <ParseFiles>false</ParseFiles>
    </Filter>
    <Filter Include="Generated Files">
      <UniqueIdentifier>{71ED8ED8-ACB9-4CE9-BBE1-E00B30144E11}</UniqueIdentifier>
      <Extensions>cpp;c;cxx;moc;h;def;odl;idl;res;</Extensions>
    </Filter>
    <Filter Include="Generated Files">
      <UniqueIdentifier>{71ED8ED8-ACB9-4CE9-BBE1-E00B30144E11}</UniqueIdentifier>
      <Extensions>cpp;c;cxx;moc;h;def;odl;idl;res;</Extensions>
    </Filter>
    <Filter Include="Header Files">
      <UniqueIdentifier>{93995380-89BD-4b04-88EB-625FBE52EBFB}</UniqueIdentifier>
      <Extensions>h;hpp;hxx;hm;inl;inc;xsd</Extensions>
    </Filter>
    <Filter Include="Header Files">
      <UniqueIdentifier>{93995380-89BD-4b04-88EB-625FBE52EBFB}</UniqueIdentifier>
      <Extensions>h;hpp;hxx;hm;inl;inc;xsd</Extensions>
    </Filter>
    <Filter Include="Source Files">
      <UniqueIdentifier>{4FC737F1-C7A5-4376-A066-2A32D752A2FF}</UniqueIdentifier>
      <Extensions>cpp;c;cxx;def;odl;idl;hpj;bat;asm;asmx</Extensions>
    </Filter>
    <Filter Include="Source Files">
      <UniqueIdentifier>{4FC737F1-C7A5-4376-A066-2A32D752A2FF}</UniqueIdentifier>
      <Extensions>cpp;c;cxx;def;odl;idl;hpj;bat;asm;asmx</Extensions>
    </Filter>
    <Filter Include="Generated Files\Debug">
      <UniqueIdentifier>{6e8059ea-e1e5-4cdf-93c5-784b3947581f}</UniqueIdentifier>
      <Extensions>cpp;moc</Extensions>
      <SourceControlFiles>False</SourceControlFiles>
    </Filter>
    <Filter Include="Generated Files\Release">
      <UniqueIdentifier>{5b3e8163-018e-4e17-b0b7-1547bd3044ef}</UniqueIdentifier>
      <Extensions>cpp;moc</Extensions>
      <SourceControlFiles>False</SourceControlFiles>
    </Filter>
    <Filter Include="Source Files\logic">
      <UniqueIdentifier>{8379e02a-1022-4121-a55e-8d6eb436f62c}</UniqueIdentifier>
    </Filter>
    <Filter Include="Header Files\logic">
      <UniqueIdentifier>{71abfe9e-a0fd-4d88-a758-9b76c71b039c}</UniqueIdentifier>
    </Filter>
  </ItemGroup>
  <ItemGroup>
    <ClCompile Include="main.cpp">
      <Filter>Source Files</Filter>
    </ClCompile>
    <ClCompile Include="mainwindow.cpp">
      <Filter>Source Files</Filter>
    </ClCompile>
    <ClCompile Include="GeneratedFiles\Debug\moc_mainwindow.cpp">
      <Filter>Generated Files\Debug</Filter>
    </ClCompile>
    <ClCompile Include="GeneratedFiles\Release\moc_mainwindow.cpp">
      <Filter>Generated Files\Release</Filter>
    </ClCompile>
    <ClCompile Include="GeneratedFiles\qrc_image.cpp">
      <Filter>Generated Files</Filter>
    </ClCompile>
    <ClCompile Include="view.cpp">
      <Filter>Source Files</Filter>
    </ClCompile>
    <ClCompile Include="GeneratedFiles\Debug\moc_view.cpp">
      <Filter>Generated Files\Debug</Filter>
    </ClCompile>
    <ClCompile Include="GeneratedFiles\Release\moc_view.cpp">
      <Filter>Generated Files\Release</Filter>
    </ClCompile>
    <ClCompile Include="graphic.cpp">
      <Filter>Source Files</Filter>
    </ClCompile>
    <ClCompile Include="GeneratedFiles\Debug\moc_graphic.cpp">
      <Filter>Generated Files\Debug</Filter>
    </ClCompile>
    <ClCompile Include="GeneratedFiles\Release\moc_graphic.cpp">
      <Filter>Generated Files\Release</Filter>
    </ClCompile>
    <ClCompile Include="module.cpp">
      <Filter>Source Files</Filter>
    </ClCompile>
    <ClCompile Include="GeneratedFiles\Debug\moc_module.cpp">
      <Filter>Generated Files\Debug</Filter>
    </ClCompile>
    <ClCompile Include="GeneratedFiles\Release\moc_module.cpp">
      <Filter>Generated Files\Release</Filter>
    </ClCompile>
    <ClCompile Include="mode_select.cpp">
      <Filter>Source Files</Filter>
    </ClCompile>
    <ClCompile Include="GeneratedFiles\Debug\moc_mode_select.cpp">
      <Filter>Generated Files\Debug</Filter>
    </ClCompile>
    <ClCompile Include="GeneratedFiles\Release\moc_mode_select.cpp">
      <Filter>Generated Files\Release</Filter>
    </ClCompile>
    <ClCompile Include="ports.cpp">
      <Filter>Source Files</Filter>
    </ClCompile>
    <ClCompile Include="GeneratedFiles\Debug\moc_ports.cpp">
      <Filter>Generated Files\Debug</Filter>
    </ClCompile>
    <ClCompile Include="GeneratedFiles\Release\moc_ports.cpp">
      <Filter>Generated Files\Release</Filter>
    </ClCompile>
    <ClCompile Include="program.cpp">
      <Filter>Source Files</Filter>
    </ClCompile>
    <ClCompile Include="project.cpp">
      <Filter>Source Files</Filter>
    </ClCompile>
    <ClCompile Include="menuitem.cpp">
      <Filter>Source Files</Filter>
    </ClCompile>
    <ClCompile Include="GeneratedFiles\Debug\moc_menuitem.cpp">
      <Filter>Generated Files\Debug</Filter>
    </ClCompile>
    <ClCompile Include="GeneratedFiles\Release\moc_menuitem.cpp">
      <Filter>Generated Files\Release</Filter>
    </ClCompile>
    <ClCompile Include="bottom_label.cpp">
      <Filter>Source Files</Filter>
    </ClCompile>
    <ClCompile Include="GeneratedFiles\Debug\moc_bottom_label.cpp">
      <Filter>Generated Files\Debug</Filter>
    </ClCompile>
    <ClCompile Include="GeneratedFiles\Release\moc_bottom_label.cpp">
      <Filter>Generated Files\Release</Filter>
    </ClCompile>
    <ClCompile Include="logic\logic_BasicModule.cpp">
      <Filter>Source Files\logic</Filter>
    </ClCompile>
    <ClCompile Include="logic\logic_Program.cpp">
      <Filter>Source Files\logic</Filter>
    </ClCompile>
    <ClCompile Include="logic\logic_Project.cpp">
      <Filter>Source Files\logic</Filter>
    </ClCompile>
    <ClCompile Include="logic\logic_Test.cpp">
      <Filter>Source Files\logic</Filter>
    </ClCompile>
    <ClCompile Include="logic\logic_Tree.cpp">
      <Filter>Source Files\logic</Filter>
    </ClCompile>
    <ClCompile Include="logic\logic_TreeNode.cpp">
      <Filter>Source Files\logic</Filter>
    </ClCompile>
    <ClCompile Include="logic\logic_XmlIO.cpp">
      <Filter>Source Files\logic</Filter>
    </ClCompile>
    <ClCompile Include="logger.cpp">
      <Filter>Source Files</Filter>
    </ClCompile>
    <ClCompile Include="msgInterface.cpp">
      <Filter>Source Files</Filter>
    </ClCompile>
    <ClCompile Include="logic\logic_Controller.cpp">
      <Filter>Source Files\logic</Filter>
    </ClCompile>
    <ClCompile Include="logic\logic_VarModule.cpp">
      <Filter>Source Files\logic</Filter>
    </ClCompile>
    <ClCompile Include="logic\logic_ForModule.cpp">
      <Filter>Source Files\logic</Filter>
    </ClCompile>
    <ClCompile Include="logic\logic_IfModule.cpp">
      <Filter>Source Files\logic</Filter>
    </ClCompile>
    <ClCompile Include="logic\logic_Gragh.cpp">
      <Filter>Source Files\logic</Filter>
    </ClCompile>
  </ItemGroup>
  <ItemGroup>
    <CustomBuild Include="mainwindow.h">
      <Filter>Header Files</Filter>
    </CustomBuild>
    <CustomBuild Include="image.qrc">
      <Filter>Source Files</Filter>
    </CustomBuild>
    <CustomBuild Include="view.h">
      <Filter>Header Files</Filter>
    </CustomBuild>
    <CustomBuild Include="graphic.h">
      <Filter>Header Files</Filter>
    </CustomBuild>
    <CustomBuild Include="module.h">
      <Filter>Header Files</Filter>
    </CustomBuild>
    <CustomBuild Include="mode_select.h">
      <Filter>Header Files</Filter>
    </CustomBuild>
    <CustomBuild Include="ports.h">
      <Filter>Header Files</Filter>
    </CustomBuild>
    <CustomBuild Include="menuitem.h">
      <Filter>Header Files</Filter>
    </CustomBuild>
    <CustomBuild Include="bottom_label.h">
      <Filter>Header Files</Filter>
    </CustomBuild>
    <CustomBuild Include="menus.xml" />
    <CustomBuild Include="modes.xml" />
    <CustomBuild Include="modules.xml" />
    <CustomBuild Include="GeneratedFiles\ui_mainwindow.h">
      <Filter>Generated Files</Filter>
    </CustomBuild>
    <CustomBuild Include="program.h">
      <Filter>Header Files</Filter>
    </CustomBuild>
    <CustomBuild Include="project.h">
      <Filter>Header Files</Filter>
    </CustomBuild>
    <CustomBuild Include="msgInterface.h">
      <Filter>Header Files</Filter>
    </CustomBuild>
  </ItemGroup>
  <ItemGroup>
    <CustomBuild Include="mainwindow.ui">
      <Filter>Form Files</Filter>
    </CustomBuild>
  </ItemGroup>
  <ItemGroup>
    <ClInclude Include="mutex.h">
      <Filter>Header Files</Filter>
    </ClInclude>
    <ClInclude Include="common.h">
      <Filter>Source Files</Filter>
    </ClInclude>
    <ClInclude Include="logger.h">
      <Filter>Source Files</Filter>
    </ClInclude>
    <ClInclude Include="logic\logic_BasicModule.h">
      <Filter>Header Files\logic</Filter>
    </ClInclude>
    <ClInclude Include="logic\logic_BasicPara.h">
      <Filter>Header Files\logic</Filter>
    </ClInclude>
    <ClInclude Include="logic\logic_MyBlocksModule.h">
      <Filter>Header Files\logic</Filter>
    </ClInclude>
    <ClInclude Include="logic\logic_MyBlocksProgram.h">
      <Filter>Header Files\logic</Filter>
    </ClInclude>
    <ClInclude Include="logic\logic_ParaPointer.h">
      <Filter>Header Files\logic</Filter>
    </ClInclude>
    <ClInclude Include="logic\logic_Program.h">
      <Filter>Header Files\logic</Filter>
    </ClInclude>
    <ClInclude Include="logic\logic_Project.h">
      <Filter>Header Files\logic</Filter>
    </ClInclude>
    <ClInclude Include="logic\logic_Test.h">
      <Filter>Header Files\logic</Filter>
    </ClInclude>
    <ClInclude Include="logic\logic_Tree.h">
      <Filter>Header Files\logic</Filter>
    </ClInclude>
    <ClInclude Include="logic\logic_TreeNode.h">
      <Filter>Header Files\logic</Filter>
    </ClInclude>
    <ClInclude Include="logic\logic_WinSwitcher.h">
      <Filter>Header Files\logic</Filter>
    </ClInclude>
    <ClInclude Include="logic\logic_XmlIO.h">
      <Filter>Header Files\logic</Filter>
    </ClInclude>
    <ClInclude Include="logic\logic_Controller.h">
      <Filter>Header Files\logic</Filter>
    </ClInclude>
    <ClInclude Include="logic\logic_Global.h">
      <Filter>Header Files\logic</Filter>
    </ClInclude>
    <ClInclude Include="logic\logic_VarModule.h">
      <Filter>Header Files\logic</Filter>
    </ClInclude>
    <ClInclude Include="TransStringNum.h">
      <Filter>Header Files</Filter>
    </ClInclude>
    <ClInclude Include="logic\logic_ForModule.h">
      <Filter>Header Files\logic</Filter>
    </ClInclude>
    <ClInclude Include="logic\logic_IfModule.h">
      <Filter>Header Files\logic</Filter>
    </ClInclude>
    <ClInclude Include="logic\logic_whPort.h">
      <Filter>Header Files\logic</Filter>
    </ClInclude>
    <ClInclude Include="logic\logic_WhData.h">
      <Filter>Header Files\logic</Filter>
    </ClInclude>
    <ClInclude Include="logic\logic_Gragh.h">
      <Filter>Header Files\logic</Filter>
    </ClInclude>
  </ItemGroup>
</Project>